
Microsoft Visual Studio Solution File, Format Version 12.00
# Visual Studio 15
VisualStudioVersion = 15.0.27130.2027
MinimumVisualStudioVersion = 10.0.40219.1
Project("{FAE04EC0-301F-11D3-BF4B-00C04F79EFBC}") = "Djohnnie.HomeAutomation.Web", "Djohnnie.HomeAutomation.Web\Djohnnie.HomeAutomation.Web.csproj", "{598925FA-C131-4DD5-BFEE-4296361C1C1C}"
EndProject
Global
	GlobalSection(SolutionConfigurationPlatforms) = preSolution
		Debug|Any CPU = Debug|Any CPU
		Release|Any CPU = Release|Any CPU
	EndGlobalSection
	GlobalSection(ProjectConfigurationPlatforms) = postSolution
		{598925FA-C131-4DD5-BFEE-4296361C1C1C}.Debug|Any CPU.ActiveCfg = Debug|Any CPU
		{598925FA-C131-4DD5-BFEE-4296361C1C1C}.Debug|Any CPU.Build.0 = Debug|Any CPU
		{598925FA-C131-4DD5-BFEE-4296361C1C1C}.Release|Any CPU.ActiveCfg = Release|Any CPU
		{598925FA-C131-4DD5-BFEE-4296361C1C1C}.Release|Any CPU.Build.0 = Release|Any CPU
	EndGlobalSection
	GlobalSection(SolutionProperties) = preSolution
		HideSolutionNode = FALSE
	EndGlobalSection
	GlobalSection(ExtensibilityGlobals) = postSolution
		SolutionGuid = {E2B92CA6-38B2-4C38-9140-8FD75918B322}
	EndGlobalSection
EndGlobal
